
Microsoft Visual Studio Solution File, Format Version 12.00
# Visual Studio Version 16
VisualStudioVersion = 16.0.31112.23
MinimumVisualStudioVersion = 10.0.40219.1
Project("{9A19103F-16F7-4668-BE54-9A1E7A4F7556}") = "SignalrToDartInterface", "SignalrToDartInterface\SignalrToDartInterface.csproj", "{C8F130A8-6650-4ACD-B3E6-021C0AFA0792}"
EndProject
Project("{2150E333-8FDC-42A3-9474-1A3956D46DE8}") = "Solution Items", "Solution Items", "{C594CD45-B990-4E01-8708-31DE70B34F4A}"
	ProjectSection(SolutionItems) = preProject
		README.md = README.md
	EndProjectSection
EndProject
Global
	GlobalSection(SolutionConfigurationPlatforms) = preSolution
		Debug|Any CPU = Debug|Any CPU
		Release|Any CPU = Release|Any CPU
	EndGlobalSection
	GlobalSection(ProjectConfigurationPlatforms) = postSolution
		{C8F130A8-6650-4ACD-B3E6-021C0AFA0792}.Debug|Any CPU.ActiveCfg = Debug|Any CPU
		{C8F130A8-6650-4ACD-B3E6-021C0AFA0792}.Debug|Any CPU.Build.0 = Debug|Any CPU
		{C8F130A8-6650-4ACD-B3E6-021C0AFA0792}.Release|Any CPU.ActiveCfg = Release|Any CPU
		{C8F130A8-6650-4ACD-B3E6-021C0AFA0792}.Release|Any CPU.Build.0 = Release|Any CPU
	EndGlobalSection
	GlobalSection(SolutionProperties) = preSolution
		HideSolutionNode = FALSE
	EndGlobalSection
	GlobalSection(ExtensibilityGlobals) = postSolution
		SolutionGuid = {0B184034-0385-4658-818C-DF1CE23EEF05}
	EndGlobalSection
EndGlobal
